
Microsoft Visual Studio Solution File, Format Version 12.00
# Visual Studio Version 17
VisualStudioVersion = 17.2.32630.192
MinimumVisualStudioVersion = 10.0.40219.1
Project("{9A19103F-16F7-4668-BE54-9A1E7A4F7556}") = "LMS.Web", "LMS.Web\LMS.Web.csproj", "{8335277A-8F30-47E5-A645-3021D25A8AED}"
EndProject
Project("{9A19103F-16F7-4668-BE54-9A1E7A4F7556}") = "HomePage.Web", "HomePage.Web\HomePage.Web.csproj", "{A0383EA8-AF57-441E-98E6-38994BEBDF95}"
EndProject
Project("{9A19103F-16F7-4668-BE54-9A1E7A4F7556}") = "Restaurant.Web", "Restaurant.Web\Restaurant.Web.csproj", "{60478A1C-600A-489D-815C-3F2DB838559E}"
EndProject
Project("{9A19103F-16F7-4668-BE54-9A1E7A4F7556}") = "LMS.xUnitTestProject", "LMS.xUnitTestProject\LMS.xUnitTestProject.csproj", "{B48B89B9-6AAD-4168-8AA3-4F847564C287}"
EndProject
Project("{9A19103F-16F7-4668-BE54-9A1E7A4F7556}") = "HomePage.xUnitTestProject", "HomePage.xUnitTestProject\HomePage.xUnitTestProject.csproj", "{A763AF86-048B-4ED2-A035-20CE008D0AC2}"
EndProject
Project("{9A19103F-16F7-4668-BE54-9A1E7A4F7556}") = "HealthifyMe.Web", "HealthifyMe.Web\HealthifyMe.Web.csproj", "{C585588F-D2AA-4054-BCEC-CBE59C5597BE}"
EndProject
Project("{9A19103F-16F7-4668-BE54-9A1E7A4F7556}") = "MyAngularDemo", "MyAngularDemo\MyAngularDemo.csproj", "{DE99F5B1-5CEB-47B0-90EF-EFCF6D01CB65}"
EndProject
Global
	GlobalSection(SolutionConfigurationPlatforms) = preSolution
		Debug|Any CPU = Debug|Any CPU
		Release|Any CPU = Release|Any CPU
	EndGlobalSection
	GlobalSection(ProjectConfigurationPlatforms) = postSolution
		{8335277A-8F30-47E5-A645-3021D25A8AED}.Debug|Any CPU.ActiveCfg = Debug|Any CPU
		{8335277A-8F30-47E5-A645-3021D25A8AED}.Debug|Any CPU.Build.0 = Debug|Any CPU
		{8335277A-8F30-47E5-A645-3021D25A8AED}.Release|Any CPU.ActiveCfg = Release|Any CPU
		{8335277A-8F30-47E5-A645-3021D25A8AED}.Release|Any CPU.Build.0 = Release|Any CPU
		{A0383EA8-AF57-441E-98E6-38994BEBDF95}.Debug|Any CPU.ActiveCfg = Debug|Any CPU
		{A0383EA8-AF57-441E-98E6-38994BEBDF95}.Debug|Any CPU.Build.0 = Debug|Any CPU
		{A0383EA8-AF57-441E-98E6-38994BEBDF95}.Release|Any CPU.ActiveCfg = Release|Any CPU
		{A0383EA8-AF57-441E-98E6-38994BEBDF95}.Release|Any CPU.Build.0 = Release|Any CPU
		{60478A1C-600A-489D-815C-3F2DB838559E}.Debug|Any CPU.ActiveCfg = Debug|Any CPU
		{60478A1C-600A-489D-815C-3F2DB838559E}.Debug|Any CPU.Build.0 = Debug|Any CPU
		{60478A1C-600A-489D-815C-3F2DB838559E}.Release|Any CPU.ActiveCfg = Release|Any CPU
		{60478A1C-600A-489D-815C-3F2DB838559E}.Release|Any CPU.Build.0 = Release|Any CPU
		{B48B89B9-6AAD-4168-8AA3-4F847564C287}.Debug|Any CPU.ActiveCfg = Debug|Any CPU
		{B48B89B9-6AAD-4168-8AA3-4F847564C287}.Debug|Any CPU.Build.0 = Debug|Any CPU
		{B48B89B9-6AAD-4168-8AA3-4F847564C287}.Release|Any CPU.ActiveCfg = Release|Any CPU
		{B48B89B9-6AAD-4168-8AA3-4F847564C287}.Release|Any CPU.Build.0 = Release|Any CPU
		{A763AF86-048B-4ED2-A035-20CE008D0AC2}.Debug|Any CPU.ActiveCfg = Debug|Any CPU
		{A763AF86-048B-4ED2-A035-20CE008D0AC2}.Debug|Any CPU.Build.0 = Debug|Any CPU
		{A763AF86-048B-4ED2-A035-20CE008D0AC2}.Release|Any CPU.ActiveCfg = Release|Any CPU
		{A763AF86-048B-4ED2-A035-20CE008D0AC2}.Release|Any CPU.Build.0 = Release|Any CPU
		{C585588F-D2AA-4054-BCEC-CBE59C5597BE}.Debug|Any CPU.ActiveCfg = Debug|Any CPU
		{C585588F-D2AA-4054-BCEC-CBE59C5597BE}.Debug|Any CPU.Build.0 = Debug|Any CPU
		{C585588F-D2AA-4054-BCEC-CBE59C5597BE}.Release|Any CPU.ActiveCfg = Release|Any CPU
		{C585588F-D2AA-4054-BCEC-CBE59C5597BE}.Release|Any CPU.Build.0 = Release|Any CPU
		{DE99F5B1-5CEB-47B0-90EF-EFCF6D01CB65}.Debug|Any CPU.ActiveCfg = Debug|Any CPU
		{DE99F5B1-5CEB-47B0-90EF-EFCF6D01CB65}.Debug|Any CPU.Build.0 = Debug|Any CPU
		{DE99F5B1-5CEB-47B0-90EF-EFCF6D01CB65}.Release|Any CPU.ActiveCfg = Release|Any CPU
		{DE99F5B1-5CEB-47B0-90EF-EFCF6D01CB65}.Release|Any CPU.Build.0 = Release|Any CPU
	EndGlobalSection
	GlobalSection(SolutionProperties) = preSolution
		HideSolutionNode = FALSE
	EndGlobalSection
	GlobalSection(ExtensibilityGlobals) = postSolution
		SolutionGuid = {C2108016-B957-4874-8753-EB096AA7C5B0}
	EndGlobalSection
EndGlobal
